
Microsoft Visual Studio Solution File, Format Version 12.00
# Visual Studio 14
VisualStudioVersion = 14.0.23107.0
MinimumVisualStudioVersion = 10.0.40219.1
Project("{2150E333-8FDC-42A3-9474-1A3956D46DE8}") = "Chapter4", "Chapter4", "{72C06EDA-E7B1-4D60-B276-F164210C92B0}"
EndProject
Project("{FAE04EC0-301F-11D3-BF4B-00C04F79EFBC}") = "Example1", "Chapter4\Example1\Example1.csproj", "{61134008-C5FA-4F37-8B2F-2C0C0FA29712}"
EndProject
Project("{FAE04EC0-301F-11D3-BF4B-00C04F79EFBC}") = "Example2", "Chapter4\Example2\Example2.csproj", "{2D6C9CED-BC23-4CE6-B988-9E169E6DD613}"
EndProject
Project("{FAE04EC0-301F-11D3-BF4B-00C04F79EFBC}") = "Example3", "Chapter4\Example3\Example3.csproj", "{3C800424-83E8-452E-B0A6-BF0735E419A5}"
EndProject
Project("{FAE04EC0-301F-11D3-BF4B-00C04F79EFBC}") = "Example4", "Chapter4\Example4\Example4.csproj", "{2A3F887E-5B44-4817-8B1A-6112AED02137}"
EndProject
Project("{2150E333-8FDC-42A3-9474-1A3956D46DE8}") = "Chapter5", "Chapter5", "{70CB5BC5-E96F-4A4F-A441-8BBA1BA586B1}"
EndProject
Project("{FAE04EC0-301F-11D3-BF4B-00C04F79EFBC}") = "Example1", "Chapter5\Example1\Example1.csproj", "{EB7FE0C9-A9D0-4BEA-929E-97B07C757F89}"
EndProject
Project("{FAE04EC0-301F-11D3-BF4B-00C04F79EFBC}") = "Example2", "Chapter5\Example2\Example2.csproj", "{AAC813FF-8F06-41D4-9E79-34715872C200}"
EndProject
Project("{2150E333-8FDC-42A3-9474-1A3956D46DE8}") = "Chapter6", "Chapter6", "{B5099456-2E94-4B16-9B20-8D10DE86C796}"
EndProject
Project("{FAE04EC0-301F-11D3-BF4B-00C04F79EFBC}") = "Example1", "Chapter6\Example1\Example1.csproj", "{8DB35F96-523B-492E-98B3-8679A0E81074}"
EndProject
Project("{FAE04EC0-301F-11D3-BF4B-00C04F79EFBC}") = "Example2", "Chapter6\Example2\Example2.csproj", "{348063A8-AC80-4BA3-A9B9-3A29EA2DC109}"
EndProject
Project("{FAE04EC0-301F-11D3-BF4B-00C04F79EFBC}") = "Example3", "Chapter6\Example3\Example3.csproj", "{3E300515-8957-4927-BE28-678C3FC5AA2E}"
EndProject
Project("{2150E333-8FDC-42A3-9474-1A3956D46DE8}") = "Chapter7", "Chapter7", "{5660B1F4-36EE-452B-89E7-D37385928959}"
EndProject
Project("{FAE04EC0-301F-11D3-BF4B-00C04F79EFBC}") = "Example1", "Chapter7\Example1\Example1.csproj", "{276DAFB6-CE4A-4D8E-9D7B-FD9FFF0981FD}"
EndProject
Project("{FAE04EC0-301F-11D3-BF4B-00C04F79EFBC}") = "Example2", "Chapter7\Example2\Example2.csproj", "{0D2AFD86-86B4-4066-AD8F-BBAC1F595635}"
EndProject
Project("{FAE04EC0-301F-11D3-BF4B-00C04F79EFBC}") = "Example3", "Chapter7\Example3\Example3.csproj", "{4C77B200-B0A2-40D2-A1E5-D0E515350DF8}"
EndProject
Project("{FAE04EC0-301F-11D3-BF4B-00C04F79EFBC}") = "Example4", "Chapter7\Example4\Example4.csproj", "{2E049880-F6AF-4463-8475-482CD8287776}"
EndProject
Project("{FAE04EC0-301F-11D3-BF4B-00C04F79EFBC}") = "Example5", "Chapter7\Example5\Example5.csproj", "{7BF44B9B-2C0B-4DD7-8C15-B2EEAA1BCB23}"
EndProject
Project("{2150E333-8FDC-42A3-9474-1A3956D46DE8}") = "Chapter8", "Chapter8", "{464DDE2E-F32E-4A54-AFA8-57A4D4CA2FDC}"
EndProject
Project("{FAE04EC0-301F-11D3-BF4B-00C04F79EFBC}") = "Example1", "Chapter8\Example1\Example1.csproj", "{4F8FE304-86DD-4628-99C1-7CFA3558069E}"
EndProject
Project("{FAE04EC0-301F-11D3-BF4B-00C04F79EFBC}") = "Example2", "Chapter8\Example2\Example2.csproj", "{244A63C1-93D9-4428-98C2-C3A2F606BCE0}"
EndProject
Global
	GlobalSection(SolutionConfigurationPlatforms) = preSolution
		Debug|x86 = Debug|x86
		Release|x86 = Release|x86
	EndGlobalSection
	GlobalSection(ProjectConfigurationPlatforms) = postSolution
		{61134008-C5FA-4F37-8B2F-2C0C0FA29712}.Debug|x86.ActiveCfg = Debug|x86
		{61134008-C5FA-4F37-8B2F-2C0C0FA29712}.Debug|x86.Build.0 = Debug|x86
		{61134008-C5FA-4F37-8B2F-2C0C0FA29712}.Release|x86.ActiveCfg = Release|x86
		{61134008-C5FA-4F37-8B2F-2C0C0FA29712}.Release|x86.Build.0 = Release|x86
		{2D6C9CED-BC23-4CE6-B988-9E169E6DD613}.Debug|x86.ActiveCfg = Debug|x86
		{2D6C9CED-BC23-4CE6-B988-9E169E6DD613}.Debug|x86.Build.0 = Debug|x86
		{2D6C9CED-BC23-4CE6-B988-9E169E6DD613}.Release|x86.ActiveCfg = Release|x86
		{2D6C9CED-BC23-4CE6-B988-9E169E6DD613}.Release|x86.Build.0 = Release|x86
		{3C800424-83E8-452E-B0A6-BF0735E419A5}.Debug|x86.ActiveCfg = Debug|x86
		{3C800424-83E8-452E-B0A6-BF0735E419A5}.Debug|x86.Build.0 = Debug|x86
		{3C800424-83E8-452E-B0A6-BF0735E419A5}.Release|x86.ActiveCfg = Release|x86
		{3C800424-83E8-452E-B0A6-BF0735E419A5}.Release|x86.Build.0 = Release|x86
		{2A3F887E-5B44-4817-8B1A-6112AED02137}.Debug|x86.ActiveCfg = Debug|x86
		{2A3F887E-5B44-4817-8B1A-6112AED02137}.Debug|x86.Build.0 = Debug|x86
		{2A3F887E-5B44-4817-8B1A-6112AED02137}.Release|x86.ActiveCfg = Release|x86
		{2A3F887E-5B44-4817-8B1A-6112AED02137}.Release|x86.Build.0 = Release|x86
		{EB7FE0C9-A9D0-4BEA-929E-97B07C757F89}.Debug|x86.ActiveCfg = Debug|x86
		{EB7FE0C9-A9D0-4BEA-929E-97B07C757F89}.Debug|x86.Build.0 = Debug|x86
		{EB7FE0C9-A9D0-4BEA-929E-97B07C757F89}.Release|x86.ActiveCfg = Release|x86
		{EB7FE0C9-A9D0-4BEA-929E-97B07C757F89}.Release|x86.Build.0 = Release|x86
		{AAC813FF-8F06-41D4-9E79-34715872C200}.Debug|x86.ActiveCfg = Debug|x86
		{AAC813FF-8F06-41D4-9E79-34715872C200}.Debug|x86.Build.0 = Debug|x86
		{AAC813FF-8F06-41D4-9E79-34715872C200}.Release|x86.ActiveCfg = Release|x86
		{AAC813FF-8F06-41D4-9E79-34715872C200}.Release|x86.Build.0 = Release|x86
		{8DB35F96-523B-492E-98B3-8679A0E81074}.Debug|x86.ActiveCfg = Debug|x86
		{8DB35F96-523B-492E-98B3-8679A0E81074}.Debug|x86.Build.0 = Debug|x86
		{8DB35F96-523B-492E-98B3-8679A0E81074}.Release|x86.ActiveCfg = Release|x86
		{8DB35F96-523B-492E-98B3-8679A0E81074}.Release|x86.Build.0 = Release|x86
		{348063A8-AC80-4BA3-A9B9-3A29EA2DC109}.Debug|x86.ActiveCfg = Debug|x86
		{348063A8-AC80-4BA3-A9B9-3A29EA2DC109}.Debug|x86.Build.0 = Debug|x86
		{348063A8-AC80-4BA3-A9B9-3A29EA2DC109}.Release|x86.ActiveCfg = Release|x86
		{348063A8-AC80-4BA3-A9B9-3A29EA2DC109}.Release|x86.Build.0 = Release|x86
		{3E300515-8957-4927-BE28-678C3FC5AA2E}.Debug|x86.ActiveCfg = Debug|x86
		{3E300515-8957-4927-BE28-678C3FC5AA2E}.Debug|x86.Build.0 = Debug|x86
		{3E300515-8957-4927-BE28-678C3FC5AA2E}.Release|x86.ActiveCfg = Release|x86
		{3E300515-8957-4927-BE28-678C3FC5AA2E}.Release|x86.Build.0 = Release|x86
		{276DAFB6-CE4A-4D8E-9D7B-FD9FFF0981FD}.Debug|x86.ActiveCfg = Debug|x86
		{276DAFB6-CE4A-4D8E-9D7B-FD9FFF0981FD}.Debug|x86.Build.0 = Debug|x86
		{276DAFB6-CE4A-4D8E-9D7B-FD9FFF0981FD}.Release|x86.ActiveCfg = Release|x86
		{276DAFB6-CE4A-4D8E-9D7B-FD9FFF0981FD}.Release|x86.Build.0 = Release|x86
		{0D2AFD86-86B4-4066-AD8F-BBAC1F595635}.Debug|x86.ActiveCfg = Debug|x86
		{0D2AFD86-86B4-4066-AD8F-BBAC1F595635}.Debug|x86.Build.0 = Debug|x86
		{0D2AFD86-86B4-4066-AD8F-BBAC1F595635}.Release|x86.ActiveCfg = Release|x86
		{0D2AFD86-86B4-4066-AD8F-BBAC1F595635}.Release|x86.Build.0 = Release|x86
		{4C77B200-B0A2-40D2-A1E5-D0E515350DF8}.Debug|x86.ActiveCfg = Debug|x86
		{4C77B200-B0A2-40D2-A1E5-D0E515350DF8}.Debug|x86.Build.0 = Debug|x86
		{4C77B200-B0A2-40D2-A1E5-D0E515350DF8}.Release|x86.ActiveCfg = Release|x86
		{4C77B200-B0A2-40D2-A1E5-D0E515350DF8}.Release|x86.Build.0 = Release|x86
		{2E049880-F6AF-4463-8475-482CD8287776}.Debug|x86.ActiveCfg = Debug|x86
		{2E049880-F6AF-4463-8475-482CD8287776}.Debug|x86.Build.0 = Debug|x86
		{2E049880-F6AF-4463-8475-482CD8287776}.Release|x86.ActiveCfg = Release|x86
		{2E049880-F6AF-4463-8475-482CD8287776}.Release|x86.Build.0 = Release|x86
		{7BF44B9B-2C0B-4DD7-8C15-B2EEAA1BCB23}.Debug|x86.ActiveCfg = Debug|x86
		{7BF44B9B-2C0B-4DD7-8C15-B2EEAA1BCB23}.Debug|x86.Build.0 = Debug|x86
		{7BF44B9B-2C0B-4DD7-8C15-B2EEAA1BCB23}.Release|x86.ActiveCfg = Release|x86
		{7BF44B9B-2C0B-4DD7-8C15-B2EEAA1BCB23}.Release|x86.Build.0 = Release|x86
		{4F8FE304-86DD-4628-99C1-7CFA3558069E}.Debug|x86.ActiveCfg = Debug|x86
		{4F8FE304-86DD-4628-99C1-7CFA3558069E}.Debug|x86.Build.0 = Debug|x86
		{4F8FE304-86DD-4628-99C1-7CFA3558069E}.Release|x86.ActiveCfg = Release|x86
		{4F8FE304-86DD-4628-99C1-7CFA3558069E}.Release|x86.Build.0 = Release|x86
		{244A63C1-93D9-4428-98C2-C3A2F606BCE0}.Debug|x86.ActiveCfg = Debug|x86
		{244A63C1-93D9-4428-98C2-C3A2F606BCE0}.Debug|x86.Build.0 = Debug|x86
		{244A63C1-93D9-4428-98C2-C3A2F606BCE0}.Release|x86.ActiveCfg = Release|x86
		{244A63C1-93D9-4428-98C2-C3A2F606BCE0}.Release|x86.Build.0 = Release|x86
	EndGlobalSection
	GlobalSection(SolutionProperties) = preSolution
		HideSolutionNode = FALSE
	EndGlobalSection
	GlobalSection(NestedProjects) = preSolution
		{61134008-C5FA-4F37-8B2F-2C0C0FA29712} = {72C06EDA-E7B1-4D60-B276-F164210C92B0}
		{2D6C9CED-BC23-4CE6-B988-9E169E6DD613} = {72C06EDA-E7B1-4D60-B276-F164210C92B0}
		{3C800424-83E8-452E-B0A6-BF0735E419A5} = {72C06EDA-E7B1-4D60-B276-F164210C92B0}
		{2A3F887E-5B44-4817-8B1A-6112AED02137} = {72C06EDA-E7B1-4D60-B276-F164210C92B0}
		{EB7FE0C9-A9D0-4BEA-929E-97B07C757F89} = {70CB5BC5-E96F-4A4F-A441-8BBA1BA586B1}
		{AAC813FF-8F06-41D4-9E79-34715872C200} = {70CB5BC5-E96F-4A4F-A441-8BBA1BA586B1}
		{8DB35F96-523B-492E-98B3-8679A0E81074} = {B5099456-2E94-4B16-9B20-8D10DE86C796}
		{348063A8-AC80-4BA3-A9B9-3A29EA2DC109} = {B5099456-2E94-4B16-9B20-8D10DE86C796}
		{3E300515-8957-4927-BE28-678C3FC5AA2E} = {B5099456-2E94-4B16-9B20-8D10DE86C796}
		{276DAFB6-CE4A-4D8E-9D7B-FD9FFF0981FD} = {5660B1F4-36EE-452B-89E7-D37385928959}
		{0D2AFD86-86B4-4066-AD8F-BBAC1F595635} = {5660B1F4-36EE-452B-89E7-D37385928959}
		{4C77B200-B0A2-40D2-A1E5-D0E515350DF8} = {5660B1F4-36EE-452B-89E7-D37385928959}
		{2E049880-F6AF-4463-8475-482CD8287776} = {5660B1F4-36EE-452B-89E7-D37385928959}
		{7BF44B9B-2C0B-4DD7-8C15-B2EEAA1BCB23} = {5660B1F4-36EE-452B-89E7-D37385928959}
		{4F8FE304-86DD-4628-99C1-7CFA3558069E} = {464DDE2E-F32E-4A54-AFA8-57A4D4CA2FDC}
		{244A63C1-93D9-4428-98C2-C3A2F606BCE0} = {464DDE2E-F32E-4A54-AFA8-57A4D4CA2FDC}
	EndGlobalSection
EndGlobal
